
Microsoft Visual Studio Solution File, Format Version 12.00
# Visual Studio Version 17
VisualStudioVersion = 17.13.35825.156 d17.13
MinimumVisualStudioVersion = 10.0.40219.1
Project("{FAE04EC0-301F-11D3-BF4B-00C04F79EFBC}") = "BCITGO_FINAL", "BCITGO_FINAL.csproj", "{BAE40469-5CD6-44A5-807A-93C2E0C6E08B}"
EndProject
Global
	GlobalSection(SolutionConfigurationPlatforms) = preSolution
		Debug|Any CPU = Debug|Any CPU
		Release|Any CPU = Release|Any CPU
	EndGlobalSection
	GlobalSection(ProjectConfigurationPlatforms) = postSolution
		{BAE40469-5CD6-44A5-807A-93C2E0C6E08B}.Debug|Any CPU.ActiveCfg = Debug|Any CPU
		{BAE40469-5CD6-44A5-807A-93C2E0C6E08B}.Debug|Any CPU.Build.0 = Debug|Any CPU
		{BAE40469-5CD6-44A5-807A-93C2E0C6E08B}.Release|Any CPU.ActiveCfg = Release|Any CPU
		{BAE40469-5CD6-44A5-807A-93C2E0C6E08B}.Release|Any CPU.Build.0 = Release|Any CPU
	EndGlobalSection
	GlobalSection(SolutionProperties) = preSolution
		HideSolutionNode = FALSE
	EndGlobalSection
	GlobalSection(ExtensibilityGlobals) = postSolution
		SolutionGuid = {2DB2927D-8255-4FA4-B5D2-A2036810D60A}
	EndGlobalSection
EndGlobal
